Microsoft Visual Studio Solution File, Format Version 12.00
# Visual Studio Version 17
VisualStudioVersion = 17.5.2.0
MinimumVisualStudioVersion = 10.0.40219.1
Project("{FAE04EC0-301F-11D3-BF4B-00C04F79EFBC}") = "M3UF5AC6_GabrielLeon", "M3UF5AC6_GabrielLeon.csproj", "{B6C1B305-AFCC-FE27-FC1F-68EA6E6380CC}"
EndProject
Global
	GlobalSection(SolutionConfigurationPlatforms) = preSolution
		Debug|Any CPU = Debug|Any CPU
		Release|Any CPU = Release|Any CPU
	EndGlobalSection
	GlobalSection(ProjectConfigurationPlatforms) = postSolution
		{B6C1B305-AFCC-FE27-FC1F-68EA6E6380CC}.Debug|Any CPU.ActiveCfg = Debug|Any CPU
		{B6C1B305-AFCC-FE27-FC1F-68EA6E6380CC}.Debug|Any CPU.Build.0 = Debug|Any CPU
		{B6C1B305-AFCC-FE27-FC1F-68EA6E6380CC}.Release|Any CPU.ActiveCfg = Release|Any CPU
		{B6C1B305-AFCC-FE27-FC1F-68EA6E6380CC}.Release|Any CPU.Build.0 = Release|Any CPU
	EndGlobalSection
	GlobalSection(SolutionProperties) = preSolution
		HideSolutionNode = FALSE
	EndGlobalSection
	GlobalSection(ExtensibilityGlobals) = postSolution
		SolutionGuid = {64326FFB-1127-4D60-925B-0DB75A295775}
	EndGlobalSection
EndGlobal
